PODS:
  - FYFCategory (0.1.6)
  - FYFEncrypt (0.1.0):
    - FYFCategory (~> 0.1.6)
    - FYFEncrypt/base64 (= 0.1.0)
    - FYFEncrypt/md5 (= 0.1.0)
  - FYFEncrypt/aes (0.1.0):
    - FYFCategory (~> 0.1.6)
    - FYFEncrypt/base64
  - FYFEncrypt/base64 (0.1.0):
    - FYFCategory (~> 0.1.6)
  - FYFEncrypt/des (0.1.0):
    - FYFCategory (~> 0.1.6)
    - FYFEncrypt/base64
  - FYFEncrypt/hex (0.1.0):
    - FYFCategory (~> 0.1.6)
  - FYFEncrypt/md5 (0.1.0):
    - FYFCategory (~> 0.1.6)
  - FYFEncrypt/rsa (0.1.0):
    - FYFCategory (~> 0.1.6)
    - FYFEncrypt/hex
    - FYFOpenSSL (~> 1.1.1q)
  - FYFOpenSSL (1.1.1q)

DEPENDENCIES:
  - FYFEncrypt (from `../`)
  - FYFEncrypt/aes (from `../`)
  - FYFEncrypt/des (from `../`)
  - FYFEncrypt/hex (from `../`)
  - FYFEncrypt/md5 (from `../`)
  - FYFEncrypt/rsa (from `../`)

SPEC REPOS:
  trunk:
    - FYFCategory
    - FYFOpenSSL

EXTERNAL SOURCES:
  FYFEncrypt:
    :path: "../"

SPEC CHECKSUMS:
  FYFCategory: fe5653b3ba7b23c4c32a0dcb52c864b8734b8a1c
  FYFEncrypt: 15834ad5d61c75405ae8f5aef6bd750b0c520e1f
  FYFOpenSSL: 8a381e60c6da2e2545c5aab198d13002e58dbe0a

PODFILE CHECKSUM: 2aef4bb51220ee4b1588b0d9681116d950b8684a

COCOAPODS: 1.11.3
